
Microsoft Visual Studio Solution File, Format Version 12.00
# Visual Studio Version 16
VisualStudioVersion = 16.0.33927.289
MinimumVisualStudioVersion = 10.0.40219.1
Project("{2150E333-8FDC-42A3-9474-1A3956D46DE8}") = "Task0", "Task0", "{27BA85E8-7AE0-4326-B7BC-9A6BE3A58201}"
EndProject
Project("{FAE04EC0-301F-11D3-BF4B-00C04F79EFBC}") = "Tyuiu.KosovskihVA.Sprint0.Task0.V0", "Tyuiu.KosovskihVA.Sprint0.Task0.V0\Tyuiu.KosovskihVA.Sprint0.Task0.V0.csproj", "{CC8CAA50-A868-477D-8DC8-1859937523AF}"
EndProject
Project("{2150E333-8FDC-42A3-9474-1A3956D46DE8}") = "Task1", "Task1", "{DF27443E-72F0-4775-91D8-BCF23AAA0135}"
EndProject
Project("{8BC9CEB8-8B4A-11D0-8D11-00A0C91BC942}") = "Tyuiu.KosovskihVA.Sprint0.Task1", "Tyuiu.KosovskihVA.Sprint0.Task1\Tyuiu.KosovskihVA.Sprint0.Task1.vcxproj", "{F6E8F746-3984-48FF-848C-37941F22831D}"
EndProject
Project("{8BC9CEB8-8B4A-11D0-8D11-00A0C91BC942}") = "Tyuiu.KosovskihVA.Sprint0.Task2.V0", "Tyuiu.KosovskihVA.Sprint0.Task2.V0000\Tyuiu.KosovskihVA.Sprint0.Task2.V0000.vcxproj", "{0C77D162-B86E-4809-B453-A9086655F372}"
EndProject
Project("{8BC9CEB8-8B4A-11D0-8D11-00A0C91BC942}") = "Tyuiu.KosovskihVA.Sprint0.Task2.V0.Lib", "Tyuiu.KosovskihVA.Sprint0.Task2.V0.Lib\Tyuiu.KosovskihVA.Sprint0.Task2.V0.Lib.vcxproj", "{4051F5DB-C5FD-4126-9045-0D6C84DDAB20}"
EndProject
Project("{8BC9CEB8-8B4A-11D0-8D11-00A0C91BC942}") = "Tyuiu.KosovskihVA.Sprint0.Task2.V0.Test", "Tyuiu.KosovskihVA.Sprint0.Task2.V0.Test\Tyuiu.KosovskihVA.Sprint0.Task2.V0.Test.vcxproj", "{355CA79F-674C-438E-ABCF-CBDD3711C8F9}"
EndProject
Project("{2150E333-8FDC-42A3-9474-1A3956D46DE8}") = "Task2", "Task2", "{4CED630B-E89E-43FC-BD54-C4424D37D065}"
EndProject
Project("{2150E333-8FDC-42A3-9474-1A3956D46DE8}") = "Task3", "Task3", "{05BA9BAF-D97A-4179-94C8-FA25BDC4A520}"
EndProject
Project("{8BC9CEB8-8B4A-11D0-8D11-00A0C91BC942}") = "Tyuiu.KosovskihVA.Sprint0.Task3.V0", "Tyuiu.KosovskihVA.Sprint0.Task3.V0\Tyuiu.KosovskihVA.Sprint0.Task3.V0.vcxproj", "{4CE26FEB-74E4-41AB-BE56-82C9D713A4E6}"
EndProject
Project("{8BC9CEB8-8B4A-11D0-8D11-00A0C91BC942}") = "Tyuiu.KosovskihVA.Sprint0.Task3.V0.Lib", "Tyuiu.KosovskihVA.Sprint0.Task3.V0.Lib\Tyuiu.KosovskihVA.Sprint0.Task3.V0.Lib.vcxproj", "{BE34B28A-7514-4019-9859-32ECAD3D8D85}"
EndProject
Project("{8BC9CEB8-8B4A-11D0-8D11-00A0C91BC942}") = "Tyuiu.KosovskihVA.Sprint0.Task3.V0.Test", "Tyuiu.KosovskihVA.Sprint0.Task3.V0.Test\Tyuiu.KosovskihVA.Sprint0.Task3.V0.Test.vcxproj", "{D2AB0481-A4F1-4FB8-8D6C-245FAAA56A72}"
EndProject
Project("{8BC9CEB8-8B4A-11D0-8D11-00A0C91BC942}") = "Tyuiu.Cours.cpp", "..\Tyuiu.Cours.cpp\Tyuiu.Cours.cpp.vcxproj", "{71667551-DC89-4E91-B409-EC47AE10CC12}"
EndProject
Global
	GlobalSection(SolutionConfigurationPlatforms) = preSolution
		Debug|Any CPU = Debug|Any CPU
		Debug|x64 = Debug|x64
		Debug|x86 = Debug|x86
		Release|Any CPU = Release|Any CPU
		Release|x64 = Release|x64
		Release|x86 = Release|x86
	EndGlobalSection
	GlobalSection(ProjectConfigurationPlatforms) = postSolution
		{CC8CAA50-A868-477D-8DC8-1859937523AF}.Debug|Any CPU.ActiveCfg = Debug|Any CPU
		{CC8CAA50-A868-477D-8DC8-1859937523AF}.Debug|Any CPU.Build.0 = Debug|Any CPU
		{CC8CAA50-A868-477D-8DC8-1859937523AF}.Debug|x64.ActiveCfg = Debug|Any CPU
		{CC8CAA50-A868-477D-8DC8-1859937523AF}.Debug|x64.Build.0 = Debug|Any CPU
		{CC8CAA50-A868-477D-8DC8-1859937523AF}.Debug|x86.ActiveCfg = Debug|Any CPU
		{CC8CAA50-A868-477D-8DC8-1859937523AF}.Debug|x86.Build.0 = Debug|Any CPU
		{CC8CAA50-A868-477D-8DC8-1859937523AF}.Release|Any CPU.ActiveCfg = Release|Any CPU
		{CC8CAA50-A868-477D-8DC8-1859937523AF}.Release|Any CPU.Build.0 = Release|Any CPU
		{CC8CAA50-A868-477D-8DC8-1859937523AF}.Release|x64.ActiveCfg = Release|Any CPU
		{CC8CAA50-A868-477D-8DC8-1859937523AF}.Release|x64.Build.0 = Release|Any CPU
		{CC8CAA50-A868-477D-8DC8-1859937523AF}.Release|x86.ActiveCfg = Release|Any CPU
		{CC8CAA50-A868-477D-8DC8-1859937523AF}.Release|x86.Build.0 = Release|Any CPU
		{F6E8F746-3984-48FF-848C-37941F22831D}.Debug|Any CPU.ActiveCfg = Debug|Win32
		{F6E8F746-3984-48FF-848C-37941F22831D}.Debug|x64.ActiveCfg = Debug|x64
		{F6E8F746-3984-48FF-848C-37941F22831D}.Debug|x64.Build.0 = Debug|x64
		{F6E8F746-3984-48FF-848C-37941F22831D}.Debug|x86.ActiveCfg = Debug|Win32
		{F6E8F746-3984-48FF-848C-37941F22831D}.Debug|x86.Build.0 = Debug|Win32
		{F6E8F746-3984-48FF-848C-37941F22831D}.Release|Any CPU.ActiveCfg = Release|Win32
		{F6E8F746-3984-48FF-848C-37941F22831D}.Release|x64.ActiveCfg = Release|x64
		{F6E8F746-3984-48FF-848C-37941F22831D}.Release|x64.Build.0 = Release|x64
		{F6E8F746-3984-48FF-848C-37941F22831D}.Release|x86.ActiveCfg = Release|Win32
		{F6E8F746-3984-48FF-848C-37941F22831D}.Release|x86.Build.0 = Release|Win32
		{0C77D162-B86E-4809-B453-A9086655F372}.Debug|Any CPU.ActiveCfg = Debug|Win32
		{0C77D162-B86E-4809-B453-A9086655F372}.Debug|x64.ActiveCfg = Debug|x64
		{0C77D162-B86E-4809-B453-A9086655F372}.Debug|x64.Build.0 = Debug|x64
		{0C77D162-B86E-4809-B453-A9086655F372}.Debug|x86.ActiveCfg = Debug|Win32
		{0C77D162-B86E-4809-B453-A9086655F372}.Debug|x86.Build.0 = Debug|Win32
		{0C77D162-B86E-4809-B453-A9086655F372}.Release|Any CPU.ActiveCfg = Release|Win32
		{0C77D162-B86E-4809-B453-A9086655F372}.Release|x64.ActiveCfg = Release|x64
		{0C77D162-B86E-4809-B453-A9086655F372}.Release|x64.Build.0 = Release|x64
		{0C77D162-B86E-4809-B453-A9086655F372}.Release|x86.ActiveCfg = Release|Win32
		{0C77D162-B86E-4809-B453-A9086655F372}.Release|x86.Build.0 = Release|Win32
		{4051F5DB-C5FD-4126-9045-0D6C84DDAB20}.Debug|Any CPU.ActiveCfg = Debug|Win32
		{4051F5DB-C5FD-4126-9045-0D6C84DDAB20}.Debug|x64.ActiveCfg = Debug|x64
		{4051F5DB-C5FD-4126-9045-0D6C84DDAB20}.Debug|x64.Build.0 = Debug|x64
		{4051F5DB-C5FD-4126-9045-0D6C84DDAB20}.Debug|x86.ActiveCfg = Debug|Win32
		{4051F5DB-C5FD-4126-9045-0D6C84DDAB20}.Debug|x86.Build.0 = Debug|Win32
		{4051F5DB-C5FD-4126-9045-0D6C84DDAB20}.Release|Any CPU.ActiveCfg = Release|Win32
		{4051F5DB-C5FD-4126-9045-0D6C84DDAB20}.Release|x64.ActiveCfg = Release|x64
		{4051F5DB-C5FD-4126-9045-0D6C84DDAB20}.Release|x64.Build.0 = Release|x64
		{4051F5DB-C5FD-4126-9045-0D6C84DDAB20}.Release|x86.ActiveCfg = Release|Win32
		{4051F5DB-C5FD-4126-9045-0D6C84DDAB20}.Release|x86.Build.0 = Release|Win32
		{355CA79F-674C-438E-ABCF-CBDD3711C8F9}.Debug|Any CPU.ActiveCfg = Debug|Win32
		{355CA79F-674C-438E-ABCF-CBDD3711C8F9}.Debug|x64.ActiveCfg = Debug|x64
		{355CA79F-674C-438E-ABCF-CBDD3711C8F9}.Debug|x64.Build.0 = Debug|x64
		{355CA79F-674C-438E-ABCF-CBDD3711C8F9}.Debug|x86.ActiveCfg = Debug|Win32
		{355CA79F-674C-438E-ABCF-CBDD3711C8F9}.Debug|x86.Build.0 = Debug|Win32
		{355CA79F-674C-438E-ABCF-CBDD3711C8F9}.Release|Any CPU.ActiveCfg = Release|Win32
		{355CA79F-674C-438E-ABCF-CBDD3711C8F9}.Release|x64.ActiveCfg = Release|x64
		{355CA79F-674C-438E-ABCF-CBDD3711C8F9}.Release|x64.Build.0 = Release|x64
		{355CA79F-674C-438E-ABCF-CBDD3711C8F9}.Release|x86.ActiveCfg = Release|Win32
		{355CA79F-674C-438E-ABCF-CBDD3711C8F9}.Release|x86.Build.0 = Release|Win32
		{4CE26FEB-74E4-41AB-BE56-82C9D713A4E6}.Debug|Any CPU.ActiveCfg = Debug|Win32
		{4CE26FEB-74E4-41AB-BE56-82C9D713A4E6}.Debug|x64.ActiveCfg = Debug|x64
		{4CE26FEB-74E4-41AB-BE56-82C9D713A4E6}.Debug|x64.Build.0 = Debug|x64
		{4CE26FEB-74E4-41AB-BE56-82C9D713A4E6}.Debug|x86.ActiveCfg = Debug|Win32
		{4CE26FEB-74E4-41AB-BE56-82C9D713A4E6}.Debug|x86.Build.0 = Debug|Win32
		{4CE26FEB-74E4-41AB-BE56-82C9D713A4E6}.Release|Any CPU.ActiveCfg = Release|Win32
		{4CE26FEB-74E4-41AB-BE56-82C9D713A4E6}.Release|x64.ActiveCfg = Release|x64
		{4CE26FEB-74E4-41AB-BE56-82C9D713A4E6}.Release|x64.Build.0 = Release|x64
		{4CE26FEB-74E4-41AB-BE56-82C9D713A4E6}.Release|x86.ActiveCfg = Release|Win32
		{4CE26FEB-74E4-41AB-BE56-82C9D713A4E6}.Release|x86.Build.0 = Release|Win32
		{BE34B28A-7514-4019-9859-32ECAD3D8D85}.Debug|Any CPU.ActiveCfg = Debug|Win32
		{BE34B28A-7514-4019-9859-32ECAD3D8D85}.Debug|x64.ActiveCfg = Debug|x64
		{BE34B28A-7514-4019-9859-32ECAD3D8D85}.Debug|x64.Build.0 = Debug|x64
		{BE34B28A-7514-4019-9859-32ECAD3D8D85}.Debug|x86.ActiveCfg = Debug|Win32
		{BE34B28A-7514-4019-9859-32ECAD3D8D85}.Debug|x86.Build.0 = Debug|Win32
		{BE34B28A-7514-4019-9859-32ECAD3D8D85}.Release|Any CPU.ActiveCfg = Release|Win32
		{BE34B28A-7514-4019-9859-32ECAD3D8D85}.Release|x64.ActiveCfg = Release|x64
		{BE34B28A-7514-4019-9859-32ECAD3D8D85}.Release|x64.Build.0 = Release|x64
		{BE34B28A-7514-4019-9859-32ECAD3D8D85}.Release|x86.ActiveCfg = Release|Win32
		{BE34B28A-7514-4019-9859-32ECAD3D8D85}.Release|x86.Build.0 = Release|Win32
		{D2AB0481-A4F1-4FB8-8D6C-245FAAA56A72}.Debug|Any CPU.ActiveCfg = Debug|Win32
		{D2AB0481-A4F1-4FB8-8D6C-245FAAA56A72}.Debug|x64.ActiveCfg = Debug|x64
		{D2AB0481-A4F1-4FB8-8D6C-245FAAA56A72}.Debug|x64.Build.0 = Debug|x64
		{D2AB0481-A4F1-4FB8-8D6C-245FAAA56A72}.Debug|x86.ActiveCfg = Debug|Win32
		{D2AB0481-A4F1-4FB8-8D6C-245FAAA56A72}.Debug|x86.Build.0 = Debug|Win32
		{D2AB0481-A4F1-4FB8-8D6C-245FAAA56A72}.Release|Any CPU.ActiveCfg = Release|Win32
		{D2AB0481-A4F1-4FB8-8D6C-245FAAA56A72}.Release|x64.ActiveCfg = Release|x64
		{D2AB0481-A4F1-4FB8-8D6C-245FAAA56A72}.Release|x64.Build.0 = Release|x64
		{D2AB0481-A4F1-4FB8-8D6C-245FAAA56A72}.Release|x86.ActiveCfg = Release|Win32
		{D2AB0481-A4F1-4FB8-8D6C-245FAAA56A72}.Release|x86.Build.0 = Release|Win32
		{71667551-DC89-4E91-B409-EC47AE10CC12}.Debug|Any CPU.ActiveCfg = Debug|Win32
		{71667551-DC89-4E91-B409-EC47AE10CC12}.Debug|x64.ActiveCfg = Debug|x64
		{71667551-DC89-4E91-B409-EC47AE10CC12}.Debug|x64.Build.0 = Debug|x64
		{71667551-DC89-4E91-B409-EC47AE10CC12}.Debug|x86.ActiveCfg = Debug|Win32
		{71667551-DC89-4E91-B409-EC47AE10CC12}.Debug|x86.Build.0 = Debug|Win32
		{71667551-DC89-4E91-B409-EC47AE10CC12}.Release|Any CPU.ActiveCfg = Release|Win32
		{71667551-DC89-4E91-B409-EC47AE10CC12}.Release|x64.ActiveCfg = Release|x64
		{71667551-DC89-4E91-B409-EC47AE10CC12}.Release|x64.Build.0 = Release|x64
		{71667551-DC89-4E91-B409-EC47AE10CC12}.Release|x86.ActiveCfg = Release|Win32
		{71667551-DC89-4E91-B409-EC47AE10CC12}.Release|x86.Build.0 = Release|Win32
	EndGlobalSection
	GlobalSection(SolutionProperties) = preSolution
		HideSolutionNode = FALSE
	EndGlobalSection
	GlobalSection(NestedProjects) = preSolution
		{CC8CAA50-A868-477D-8DC8-1859937523AF} = {27BA85E8-7AE0-4326-B7BC-9A6BE3A58201}
		{F6E8F746-3984-48FF-848C-37941F22831D} = {DF27443E-72F0-4775-91D8-BCF23AAA0135}
		{0C77D162-B86E-4809-B453-A9086655F372} = {4CED630B-E89E-43FC-BD54-C4424D37D065}
		{4051F5DB-C5FD-4126-9045-0D6C84DDAB20} = {4CED630B-E89E-43FC-BD54-C4424D37D065}
		{355CA79F-674C-438E-ABCF-CBDD3711C8F9} = {4CED630B-E89E-43FC-BD54-C4424D37D065}
		{4CE26FEB-74E4-41AB-BE56-82C9D713A4E6} = {05BA9BAF-D97A-4179-94C8-FA25BDC4A520}
		{BE34B28A-7514-4019-9859-32ECAD3D8D85} = {05BA9BAF-D97A-4179-94C8-FA25BDC4A520}
		{D2AB0481-A4F1-4FB8-8D6C-245FAAA56A72} = {05BA9BAF-D97A-4179-94C8-FA25BDC4A520}
		{71667551-DC89-4E91-B409-EC47AE10CC12} = {05BA9BAF-D97A-4179-94C8-FA25BDC4A520}
	EndGlobalSection
	GlobalSection(ExtensibilityGlobals) = postSolution
		SolutionGuid = {2B96AFF9-42C1-4F16-9C48-0535971536D8}
	EndGlobalSection
EndGlobal
