
Microsoft Visual Studio Solution File, Format Version 12.00
# Visual Studio Version 16
VisualStudioVersion = 16.0.33927.289
MinimumVisualStudioVersion = 10.0.40219.1
Project("{2150E333-8FDC-42A3-9474-1A3956D46DE8}") = "Task0", "Task0", "{27BA85E8-7AE0-4326-B7BC-9A6BE3A58201}"
EndProject
Project("{FAE04EC0-301F-11D3-BF4B-00C04F79EFBC}") = "Tyuiu.KosovskihVA.Sprint0.Task0.V0", "Tyuiu.KosovskihVA.Sprint0.Task0.V0\Tyuiu.KosovskihVA.Sprint0.Task0.V0.csproj", "{CC8CAA50-A868-477D-8DC8-1859937523AF}"
EndProject
Project("{2150E333-8FDC-42A3-9474-1A3956D46DE8}") = "Task1", "Task1", "{DF27443E-72F0-4775-91D8-BCF23AAA0135}"
EndProject
Project("{8BC9CEB8-8B4A-11D0-8D11-00A0C91BC942}") = "Tyuiu.KosovskihVA.Sprint0.Task1", "Tyuiu.KosovskihVA.Sprint0.Task1\Tyuiu.KosovskihVA.Sprint0.Task1.vcxproj", "{F6E8F746-3984-48FF-848C-37941F22831D}"
EndProject
Project("{8BC9CEB8-8B4A-11D0-8D11-00A0C91BC942}") = "Tyuiu.KosovskihVA.Sprint0.Task2.V0", "Tyuiu.KosovskihVA.Sprint0.Task2.V0000\Tyuiu.KosovskihVA.Sprint0.Task2.V0000.vcxproj", "{0C77D162-B86E-4809-B453-A9086655F372}"
EndProject
Project("{8BC9CEB8-8B4A-11D0-8D11-00A0C91BC942}") = "Tyuiu.KosovskihVA.Sprint0.Task2.V0.Lib", "Tyuiu.KosovskihVA.Sprint0.Task2.V0.Lib\Tyuiu.KosovskihVA.Sprint0.Task2.V0.Lib.vcxproj", "{4051F5DB-C5FD-4126-9045-0D6C84DDAB20}"
EndProject
Project("{8BC9CEB8-8B4A-11D0-8D11-00A0C91BC942}") = "Tyuiu.KosovskihVA.Sprint0.Task2.V0.Test", "Tyuiu.KosovskihVA.Sprint0.Task2.V0.Test\Tyuiu.KosovskihVA.Sprint0.Task2.V0.Test.vcxproj", "{355CA79F-674C-438E-ABCF-CBDD3711C8F9}"
EndProject
Project("{2150E333-8FDC-42A3-9474-1A3956D46DE8}") = "Task2", "Task2", "{4CED630B-E89E-43FC-BD54-C4424D37D065}"
EndProject
Project("{2150E333-8FDC-42A3-9474-1A3956D46DE8}") = "Task3", "Task3", "{05BA9BAF-D97A-4179-94C8-FA25BDC4A520}"
EndProject
Project("{8BC9CEB8-8B4A-11D0-8D11-00A0C91BC942}") = "Tyuiu.KosovskihVA.Sprint0.Task3.V0", "Tyuiu.KosovskihVA.Sprint0.Task3.V0\Tyuiu.KosovskihVA.Sprint0.Task3.V0.vcxproj", "{4CE26FEB-74E4-41AB-BE56-82C9D713A4E6}"
EndProject
Project("{8BC9CEB8-8B4A-11D0-8D11-00A0C91BC942}") = "Tyuiu.KosovskihVA.Sprint0.Task3.V0.Lib", "Tyuiu.KosovskihVA.Sprint0.Task3.V0.Lib\Tyuiu.KosovskihVA.Sprint0.Task3.V0.Lib.vcxproj", "{BE34B28A-7514-4019-9859-32ECAD3D8D85}"
EndProject
Project("{8BC9CEB8-8B4A-11D0-8D11-00A0C91BC942}") = "Tyuiu.KosovskihVA.Sprint0.Task3.V0.Test", "Tyuiu.KosovskihVA.Sprint0.Task3.V0.Test\Tyuiu.KosovskihVA.Sprint0.Task3.V0.Test.vcxproj", "{D2AB0481-A4F1-4FB8-8D6C-245FAAA56A72}"
EndProject
Project("{8BC9CEB8-8B4A-11D0-8D11-00A0C91BC942}") = "Tyuiu.Cours.cpp", "..\Tyuiu.Cours.cpp\Tyuiu.Cours.cpp.vcxproj", "{71667551-DC89-4E91-B409-EC47AE10CC12}"
EndProject
Project("{2150E333-8FDC-42A3-9474-1A3956D46DE8}") = "Task4", "Task4", "{D63664E7-390F-4C47-B4E8-40D43D9EDCDA}"
EndProject
Project("{8BC9CEB8-8B4A-11D0-8D11-00A0C91BC942}") = "Tyuiu.KosovskihVA.Sprint0.Task4.V0", "Tyuiu.KosovskihVA.Sprint0.Task4.V0\Tyuiu.KosovskihVA.Sprint0.Task4.V0.vcxproj", "{642318DF-6A3D-462F-ADA1-4A3B66C2F6A5}"
EndProject
Project("{8BC9CEB8-8B4A-11D0-8D11-00A0C91BC942}") = "Tyuiu.KosovskihVA.Sprint0.Task5", "Tyuiu.KosovskihVA.Sprint0.Task5.V0\Tyuiu.KosovskihVA.Sprint0.Task5.V0.vcxproj", "{46587AA0-4AF3-43E6-BE3F-79E06CEAAA95}"
EndProject
Project("{2150E333-8FDC-42A3-9474-1A3956D46DE8}") = "Task5", "Task5", "{282787FE-8710-435E-8782-9D639EEA6A4E}"
EndProject
Project("{8BC9CEB8-8B4A-11D0-8D11-00A0C91BC942}") = "Tyuiu.KosovskihVA.Sprint0.Task5.Lib", "Tyuiu.KosovskihVA.Sprint0.Task5.Lib\Tyuiu.KosovskihVA.Sprint0.Task5.Lib.vcxproj", "{5619008F-52AE-45E8-AA43-E1FC09C0393E}"
EndProject
Project("{8BC9CEB8-8B4A-11D0-8D11-00A0C91BC942}") = "Tyuiu.KosovskihVA.Sprint0.Task5.Test.V1", "Tyuiu.KosovskihVA.Sprint0.Task5.Test\Tyuiu.KosovskihVA.Sprint0.Task5.Test.vcxproj", "{0C9F5C3E-A4E9-4005-8E5D-E7F15DA71424}"
EndProject
Project("{8BC9CEB8-8B4A-11D0-8D11-00A0C91BC942}") = "Tyuiu.KosovskihVA.Sprint0.Task5.Test.V2", "Tyuiu.KosovskihVA.Sprint0.Task5.Test.V2\Tyuiu.KosovskihVA.Sprint0.Task5.Test.V2.vcxproj", "{DE4D4AF9-6A9B-45FE-8604-579FA2F1E766}"
EndProject
Project("{8BC9CEB8-8B4A-11D0-8D11-00A0C91BC942}") = "Tyuiu.KosovskihVA.Sprint0.Task5.Test.V3", "Tyuiu.KosovskihVA.Sprint0.Task5.Test.V3\Tyuiu.KosovskihVA.Sprint0.Task5.Test.V3.vcxproj", "{0050C675-1BC8-4085-A535-646D66F0FAF8}"
EndProject
Project("{8BC9CEB8-8B4A-11D0-8D11-00A0C91BC942}") = "Tyuiu.KosovskihVA.Sprint0.Task5.Test.V4", "Tyuiu.KosovskihVA.Sprint0.Task5.Test.V4\Tyuiu.KosovskihVA.Sprint0.Task5.Test.V4.vcxproj", "{FBC15A09-0C06-48C5-8A4A-BF44CE78BCB9}"
EndProject
Project("{8BC9CEB8-8B4A-11D0-8D11-00A0C91BC942}") = "Tyuiu.KosovskihVA.Sprint0.Task5.Test.V5", "Tyuiu.KosovskihVA.Sprint0.Task5.Test.V5\Tyuiu.KosovskihVA.Sprint0.Task5.Test.V5.vcxproj", "{AEA374D0-DE0B-4E92-9024-D660168807D1}"
EndProject
Project("{8BC9CEB8-8B4A-11D0-8D11-00A0C91BC942}") = "Tyuiu.KosovskihVA.Sprint0.Task2.V1.Test", "Tyuiu.KosovskihVA.Sprint0.Task2.V1.Test\Tyuiu.KosovskihVA.Sprint0.Task2.V1.Test.vcxproj", "{1D5D7F40-4B3D-4CF7-8224-2440C041FA3A}"
EndProject
Project("{8BC9CEB8-8B4A-11D0-8D11-00A0C91BC942}") = "Tyuiu.KosovskihVA.Sprint0.Task2.V2.Test", "Tyuiu.KosovskihVA.Sprint0.Task2.V2.Test\Tyuiu.KosovskihVA.Sprint0.Task2.V2.Test.vcxproj", "{331CB3C2-3BB8-4219-BDA0-8889D54B9235}"
EndProject
Project("{8BC9CEB8-8B4A-11D0-8D11-00A0C91BC942}") = "Tyuiu.KosovskihVA.Sprint0.Task4.RightVersion", "Tyuiu.KosovskihVA.Sprint0.Task4.RightVersion\Tyuiu.KosovskihVA.Sprint0.Task4.RightVersion.vcxproj", "{64BAA67A-6B12-4F98-B402-7FBDF9F9139D}"
EndProject
Project("{8BC9CEB8-8B4A-11D0-8D11-00A0C91BC942}") = "Tyuiu.KosovskihVA.Sprint0.Task6", "Tyuiu.KosovskihVA.Sprint0.Task6\Tyuiu.KosovskihVA.Sprint0.Task6.vcxproj", "{9A845FA3-549A-4353-A037-889DB3CAB5F4}"
EndProject
Project("{2150E333-8FDC-42A3-9474-1A3956D46DE8}") = "Task6", "Task6", "{FC8BFFBD-BED1-4C41-8256-A17A96644115}"
EndProject
Project("{8BC9CEB8-8B4A-11D0-8D11-00A0C91BC942}") = "Tyuiu.KosovskihVA.Sprint0.Task6.Lib", "Tyuiu.KosovskihVA.Sprint0.Task6.Lib\Tyuiu.KosovskihVA.Sprint0.Task6.Lib.vcxproj", "{4920486F-1F52-4023-9E4B-B5D36D362ABF}"
EndProject
Project("{8BC9CEB8-8B4A-11D0-8D11-00A0C91BC942}") = "Tyuiu.KosovskihVA.Sprint0.Task6.V1.Test", "Tyuiu.KosovskihVA.Sprint0.Task6.V1.Test\Tyuiu.KosovskihVA.Sprint0.Task6.V1.Test.vcxproj", "{C4635743-1525-473C-9F22-4413F62CBBB3}"
EndProject
Project("{8BC9CEB8-8B4A-11D0-8D11-00A0C91BC942}") = "Tyuiu.KosovskihVA.Sprint0.Task6.Test.V2", "Tyuiu.KosovskihVA.Sprint0.Task6.Test.V2\Tyuiu.KosovskihVA.Sprint0.Task6.Test.V2.vcxproj", "{9E7BC67F-8F33-41AD-BF26-6B99ED193C35}"
EndProject
Project("{8BC9CEB8-8B4A-11D0-8D11-00A0C91BC942}") = "Tyuiu.KosovskihVA.Sprint0.Task6.Test.V3", "Tyuiu.KosovskihVA.Sprint0.Task6.Test.V3\Tyuiu.KosovskihVA.Sprint0.Task6.Test.V3.vcxproj", "{132BF45C-E693-4EF0-AD8E-2229493DCE26}"
EndProject
Project("{8BC9CEB8-8B4A-11D0-8D11-00A0C91BC942}") = "Tyuiu.KosovskihVA.Sprint0.Task6.Test.V4", "Tyuiu.KosovskihVA.Sprint0.Task6.Test.V4\Tyuiu.KosovskihVA.Sprint0.Task6.Test.V4.vcxproj", "{31538018-FE0A-422F-9279-B1283D92F9DD}"
EndProject
Project("{8BC9CEB8-8B4A-11D0-8D11-00A0C91BC942}") = "Tyuiu.KosovskihVA.Sprint0.Task6.Test.V5", "Tyuiu.KosovskihVA.Sprint0.Task6.Test.V5\Tyuiu.KosovskihVA.Sprint0.Task6.Test.V5.vcxproj", "{19BF0B7C-60A9-4DA9-B472-A8D68F83D22F}"
EndProject
Project("{8BC9CEB8-8B4A-11D0-8D11-00A0C91BC942}") = "Tyuiu.KosovskihVA.Sprint0.Task7", "Tyuiu.KosovskihVA.Sprint0.Task7\Tyuiu.KosovskihVA.Sprint0.Task7.vcxproj", "{E251851A-7AB2-4017-8F3F-E9ACC4BA820F}"
EndProject
Project("{2150E333-8FDC-42A3-9474-1A3956D46DE8}") = "Task7", "Task7", "{DACF31E6-20BD-4690-8435-FFFD17C02370}"
EndProject
Project("{8BC9CEB8-8B4A-11D0-8D11-00A0C91BC942}") = "Tyuiu.KosovskihVA.Sprint0.Task7.Lib", "Tyuiu.KosovskihVA.Sprint0.Task7.Lib\Tyuiu.KosovskihVA.Sprint0.Task7.Lib.vcxproj", "{AD54E025-44CF-490F-AC05-889D30270236}"
EndProject
Project("{8BC9CEB8-8B4A-11D0-8D11-00A0C91BC942}") = "Tyuiu.KosovskihVA.Sprint0.Task7.Test.V1", "Tyuiu.KosovskihVA.Sprint0.Task7.Test.V1\Tyuiu.KosovskihVA.Sprint0.Task7.Test.V1.vcxproj", "{CEB59BFE-A5BB-4F32-9D08-262EF8F7635C}"
EndProject
Project("{8BC9CEB8-8B4A-11D0-8D11-00A0C91BC942}") = "Tyuiu.KosovskihVA.Sprint0.Task7.Test.V2", "Tyuiu.KosovskihVA.Sprint0.Task7.Test.V2\Tyuiu.KosovskihVA.Sprint0.Task7.Test.V2.vcxproj", "{91396CB3-2199-4769-A48D-19A8E95EB9B4}"
EndProject
Project("{8BC9CEB8-8B4A-11D0-8D11-00A0C91BC942}") = "Tyuiu.KosovskihVA.Sprint0.Task7.Test.V3", "Tyuiu.KosovskihVA.Sprint0.Task7.Test.V3\Tyuiu.KosovskihVA.Sprint0.Task7.Test.V3.vcxproj", "{388AED38-5E7B-4FE1-9A3A-9A17A86C6CA1}"
EndProject
Project("{8BC9CEB8-8B4A-11D0-8D11-00A0C91BC942}") = "Tyuiu.KosovskihVA.Sprint0.Task7.Test.V4", "Tyuiu.KosovskihVA.Sprint0.Task7.Test.V4\Tyuiu.KosovskihVA.Sprint0.Task7.Test.V4.vcxproj", "{2BAFE442-A1E4-42E0-8611-37426E28464B}"
EndProject
Project("{8BC9CEB8-8B4A-11D0-8D11-00A0C91BC942}") = "Tyuiu.KosovskihVA.Sprint0.Task7.Test.V5", "Tyuiu.KosovskihVA.Sprint0.Task7.Test.V5\Tyuiu.KosovskihVA.Sprint0.Task7.Test.V5.vcxproj", "{2EA20B41-B9E4-41F3-88C3-DD7E64789654}"
EndProject
Global
	GlobalSection(SolutionConfigurationPlatforms) = preSolution
		Debug|Any CPU = Debug|Any CPU
		Debug|x64 = Debug|x64
		Debug|x86 = Debug|x86
		Release|Any CPU = Release|Any CPU
		Release|x64 = Release|x64
		Release|x86 = Release|x86
	EndGlobalSection
	GlobalSection(ProjectConfigurationPlatforms) = postSolution
		{CC8CAA50-A868-477D-8DC8-1859937523AF}.Debug|Any CPU.ActiveCfg = Debug|Any CPU
		{CC8CAA50-A868-477D-8DC8-1859937523AF}.Debug|Any CPU.Build.0 = Debug|Any CPU
		{CC8CAA50-A868-477D-8DC8-1859937523AF}.Debug|x64.ActiveCfg = Debug|Any CPU
		{CC8CAA50-A868-477D-8DC8-1859937523AF}.Debug|x64.Build.0 = Debug|Any CPU
		{CC8CAA50-A868-477D-8DC8-1859937523AF}.Debug|x86.ActiveCfg = Debug|Any CPU
		{CC8CAA50-A868-477D-8DC8-1859937523AF}.Debug|x86.Build.0 = Debug|Any CPU
		{CC8CAA50-A868-477D-8DC8-1859937523AF}.Release|Any CPU.ActiveCfg = Release|Any CPU
		{CC8CAA50-A868-477D-8DC8-1859937523AF}.Release|Any CPU.Build.0 = Release|Any CPU
		{CC8CAA50-A868-477D-8DC8-1859937523AF}.Release|x64.ActiveCfg = Release|Any CPU
		{CC8CAA50-A868-477D-8DC8-1859937523AF}.Release|x64.Build.0 = Release|Any CPU
		{CC8CAA50-A868-477D-8DC8-1859937523AF}.Release|x86.ActiveCfg = Release|Any CPU
		{CC8CAA50-A868-477D-8DC8-1859937523AF}.Release|x86.Build.0 = Release|Any CPU
		{F6E8F746-3984-48FF-848C-37941F22831D}.Debug|Any CPU.ActiveCfg = Debug|Win32
		{F6E8F746-3984-48FF-848C-37941F22831D}.Debug|x64.ActiveCfg = Debug|x64
		{F6E8F746-3984-48FF-848C-37941F22831D}.Debug|x64.Build.0 = Debug|x64
		{F6E8F746-3984-48FF-848C-37941F22831D}.Debug|x86.ActiveCfg = Debug|Win32
		{F6E8F746-3984-48FF-848C-37941F22831D}.Debug|x86.Build.0 = Debug|Win32
		{F6E8F746-3984-48FF-848C-37941F22831D}.Release|Any CPU.ActiveCfg = Release|Win32
		{F6E8F746-3984-48FF-848C-37941F22831D}.Release|x64.ActiveCfg = Release|x64
		{F6E8F746-3984-48FF-848C-37941F22831D}.Release|x64.Build.0 = Release|x64
		{F6E8F746-3984-48FF-848C-37941F22831D}.Release|x86.ActiveCfg = Release|Win32
		{F6E8F746-3984-48FF-848C-37941F22831D}.Release|x86.Build.0 = Release|Win32
		{0C77D162-B86E-4809-B453-A9086655F372}.Debug|Any CPU.ActiveCfg = Debug|Win32
		{0C77D162-B86E-4809-B453-A9086655F372}.Debug|x64.ActiveCfg = Debug|x64
		{0C77D162-B86E-4809-B453-A9086655F372}.Debug|x64.Build.0 = Debug|x64
		{0C77D162-B86E-4809-B453-A9086655F372}.Debug|x86.ActiveCfg = Debug|Win32
		{0C77D162-B86E-4809-B453-A9086655F372}.Debug|x86.Build.0 = Debug|Win32
		{0C77D162-B86E-4809-B453-A9086655F372}.Release|Any CPU.ActiveCfg = Release|Win32
		{0C77D162-B86E-4809-B453-A9086655F372}.Release|x64.ActiveCfg = Release|x64
		{0C77D162-B86E-4809-B453-A9086655F372}.Release|x64.Build.0 = Release|x64
		{0C77D162-B86E-4809-B453-A9086655F372}.Release|x86.ActiveCfg = Release|Win32
		{0C77D162-B86E-4809-B453-A9086655F372}.Release|x86.Build.0 = Release|Win32
		{4051F5DB-C5FD-4126-9045-0D6C84DDAB20}.Debug|Any CPU.ActiveCfg = Debug|Win32
		{4051F5DB-C5FD-4126-9045-0D6C84DDAB20}.Debug|x64.ActiveCfg = Debug|x64
		{4051F5DB-C5FD-4126-9045-0D6C84DDAB20}.Debug|x64.Build.0 = Debug|x64
		{4051F5DB-C5FD-4126-9045-0D6C84DDAB20}.Debug|x86.ActiveCfg = Debug|Win32
		{4051F5DB-C5FD-4126-9045-0D6C84DDAB20}.Debug|x86.Build.0 = Debug|Win32
		{4051F5DB-C5FD-4126-9045-0D6C84DDAB20}.Release|Any CPU.ActiveCfg = Release|Win32
		{4051F5DB-C5FD-4126-9045-0D6C84DDAB20}.Release|x64.ActiveCfg = Release|x64
		{4051F5DB-C5FD-4126-9045-0D6C84DDAB20}.Release|x64.Build.0 = Release|x64
		{4051F5DB-C5FD-4126-9045-0D6C84DDAB20}.Release|x86.ActiveCfg = Release|Win32
		{4051F5DB-C5FD-4126-9045-0D6C84DDAB20}.Release|x86.Build.0 = Release|Win32
		{355CA79F-674C-438E-ABCF-CBDD3711C8F9}.Debug|Any CPU.ActiveCfg = Debug|Win32
		{355CA79F-674C-438E-ABCF-CBDD3711C8F9}.Debug|x64.ActiveCfg = Debug|x64
		{355CA79F-674C-438E-ABCF-CBDD3711C8F9}.Debug|x64.Build.0 = Debug|x64
		{355CA79F-674C-438E-ABCF-CBDD3711C8F9}.Debug|x86.ActiveCfg = Debug|Win32
		{355CA79F-674C-438E-ABCF-CBDD3711C8F9}.Debug|x86.Build.0 = Debug|Win32
		{355CA79F-674C-438E-ABCF-CBDD3711C8F9}.Release|Any CPU.ActiveCfg = Release|Win32
		{355CA79F-674C-438E-ABCF-CBDD3711C8F9}.Release|x64.ActiveCfg = Release|x64
		{355CA79F-674C-438E-ABCF-CBDD3711C8F9}.Release|x64.Build.0 = Release|x64
		{355CA79F-674C-438E-ABCF-CBDD3711C8F9}.Release|x86.ActiveCfg = Release|Win32
		{355CA79F-674C-438E-ABCF-CBDD3711C8F9}.Release|x86.Build.0 = Release|Win32
		{4CE26FEB-74E4-41AB-BE56-82C9D713A4E6}.Debug|Any CPU.ActiveCfg = Debug|Win32
		{4CE26FEB-74E4-41AB-BE56-82C9D713A4E6}.Debug|x64.ActiveCfg = Debug|x64
		{4CE26FEB-74E4-41AB-BE56-82C9D713A4E6}.Debug|x64.Build.0 = Debug|x64
		{4CE26FEB-74E4-41AB-BE56-82C9D713A4E6}.Debug|x86.ActiveCfg = Debug|Win32
		{4CE26FEB-74E4-41AB-BE56-82C9D713A4E6}.Debug|x86.Build.0 = Debug|Win32
		{4CE26FEB-74E4-41AB-BE56-82C9D713A4E6}.Release|Any CPU.ActiveCfg = Release|Win32
		{4CE26FEB-74E4-41AB-BE56-82C9D713A4E6}.Release|x64.ActiveCfg = Release|x64
		{4CE26FEB-74E4-41AB-BE56-82C9D713A4E6}.Release|x64.Build.0 = Release|x64
		{4CE26FEB-74E4-41AB-BE56-82C9D713A4E6}.Release|x86.ActiveCfg = Release|Win32
		{4CE26FEB-74E4-41AB-BE56-82C9D713A4E6}.Release|x86.Build.0 = Release|Win32
		{BE34B28A-7514-4019-9859-32ECAD3D8D85}.Debug|Any CPU.ActiveCfg = Debug|Win32
		{BE34B28A-7514-4019-9859-32ECAD3D8D85}.Debug|x64.ActiveCfg = Debug|x64
		{BE34B28A-7514-4019-9859-32ECAD3D8D85}.Debug|x64.Build.0 = Debug|x64
		{BE34B28A-7514-4019-9859-32ECAD3D8D85}.Debug|x86.ActiveCfg = Debug|Win32
		{BE34B28A-7514-4019-9859-32ECAD3D8D85}.Debug|x86.Build.0 = Debug|Win32
		{BE34B28A-7514-4019-9859-32ECAD3D8D85}.Release|Any CPU.ActiveCfg = Release|Win32
		{BE34B28A-7514-4019-9859-32ECAD3D8D85}.Release|x64.ActiveCfg = Release|x64
		{BE34B28A-7514-4019-9859-32ECAD3D8D85}.Release|x64.Build.0 = Release|x64
		{BE34B28A-7514-4019-9859-32ECAD3D8D85}.Release|x86.ActiveCfg = Release|Win32
		{BE34B28A-7514-4019-9859-32ECAD3D8D85}.Release|x86.Build.0 = Release|Win32
		{D2AB0481-A4F1-4FB8-8D6C-245FAAA56A72}.Debug|Any CPU.ActiveCfg = Debug|Win32
		{D2AB0481-A4F1-4FB8-8D6C-245FAAA56A72}.Debug|x64.ActiveCfg = Debug|x64
		{D2AB0481-A4F1-4FB8-8D6C-245FAAA56A72}.Debug|x64.Build.0 = Debug|x64
		{D2AB0481-A4F1-4FB8-8D6C-245FAAA56A72}.Debug|x86.ActiveCfg = Debug|Win32
		{D2AB0481-A4F1-4FB8-8D6C-245FAAA56A72}.Debug|x86.Build.0 = Debug|Win32
		{D2AB0481-A4F1-4FB8-8D6C-245FAAA56A72}.Release|Any CPU.ActiveCfg = Release|Win32
		{D2AB0481-A4F1-4FB8-8D6C-245FAAA56A72}.Release|x64.ActiveCfg = Release|x64
		{D2AB0481-A4F1-4FB8-8D6C-245FAAA56A72}.Release|x64.Build.0 = Release|x64
		{D2AB0481-A4F1-4FB8-8D6C-245FAAA56A72}.Release|x86.ActiveCfg = Release|Win32
		{D2AB0481-A4F1-4FB8-8D6C-245FAAA56A72}.Release|x86.Build.0 = Release|Win32
		{71667551-DC89-4E91-B409-EC47AE10CC12}.Debug|Any CPU.ActiveCfg = Debug|Win32
		{71667551-DC89-4E91-B409-EC47AE10CC12}.Debug|x64.ActiveCfg = Debug|x64
		{71667551-DC89-4E91-B409-EC47AE10CC12}.Debug|x64.Build.0 = Debug|x64
		{71667551-DC89-4E91-B409-EC47AE10CC12}.Debug|x86.ActiveCfg = Debug|Win32
		{71667551-DC89-4E91-B409-EC47AE10CC12}.Debug|x86.Build.0 = Debug|Win32
		{71667551-DC89-4E91-B409-EC47AE10CC12}.Release|Any CPU.ActiveCfg = Release|Win32
		{71667551-DC89-4E91-B409-EC47AE10CC12}.Release|x64.ActiveCfg = Release|x64
		{71667551-DC89-4E91-B409-EC47AE10CC12}.Release|x64.Build.0 = Release|x64
		{71667551-DC89-4E91-B409-EC47AE10CC12}.Release|x86.ActiveCfg = Release|Win32
		{71667551-DC89-4E91-B409-EC47AE10CC12}.Release|x86.Build.0 = Release|Win32
		{642318DF-6A3D-462F-ADA1-4A3B66C2F6A5}.Debug|Any CPU.ActiveCfg = Debug|Win32
		{642318DF-6A3D-462F-ADA1-4A3B66C2F6A5}.Debug|x64.ActiveCfg = Debug|x64
		{642318DF-6A3D-462F-ADA1-4A3B66C2F6A5}.Debug|x64.Build.0 = Debug|x64
		{642318DF-6A3D-462F-ADA1-4A3B66C2F6A5}.Debug|x86.ActiveCfg = Debug|Win32
		{642318DF-6A3D-462F-ADA1-4A3B66C2F6A5}.Debug|x86.Build.0 = Debug|Win32
		{642318DF-6A3D-462F-ADA1-4A3B66C2F6A5}.Release|Any CPU.ActiveCfg = Release|Win32
		{642318DF-6A3D-462F-ADA1-4A3B66C2F6A5}.Release|x64.ActiveCfg = Release|x64
		{642318DF-6A3D-462F-ADA1-4A3B66C2F6A5}.Release|x64.Build.0 = Release|x64
		{642318DF-6A3D-462F-ADA1-4A3B66C2F6A5}.Release|x86.ActiveCfg = Release|Win32
		{642318DF-6A3D-462F-ADA1-4A3B66C2F6A5}.Release|x86.Build.0 = Release|Win32
		{46587AA0-4AF3-43E6-BE3F-79E06CEAAA95}.Debug|Any CPU.ActiveCfg = Debug|Win32
		{46587AA0-4AF3-43E6-BE3F-79E06CEAAA95}.Debug|x64.ActiveCfg = Debug|x64
		{46587AA0-4AF3-43E6-BE3F-79E06CEAAA95}.Debug|x64.Build.0 = Debug|x64
		{46587AA0-4AF3-43E6-BE3F-79E06CEAAA95}.Debug|x86.ActiveCfg = Debug|Win32
		{46587AA0-4AF3-43E6-BE3F-79E06CEAAA95}.Debug|x86.Build.0 = Debug|Win32
		{46587AA0-4AF3-43E6-BE3F-79E06CEAAA95}.Release|Any CPU.ActiveCfg = Release|Win32
		{46587AA0-4AF3-43E6-BE3F-79E06CEAAA95}.Release|x64.ActiveCfg = Release|x64
		{46587AA0-4AF3-43E6-BE3F-79E06CEAAA95}.Release|x64.Build.0 = Release|x64
		{46587AA0-4AF3-43E6-BE3F-79E06CEAAA95}.Release|x86.ActiveCfg = Release|Win32
		{46587AA0-4AF3-43E6-BE3F-79E06CEAAA95}.Release|x86.Build.0 = Release|Win32
		{5619008F-52AE-45E8-AA43-E1FC09C0393E}.Debug|Any CPU.ActiveCfg = Debug|Win32
		{5619008F-52AE-45E8-AA43-E1FC09C0393E}.Debug|x64.ActiveCfg = Debug|x64
		{5619008F-52AE-45E8-AA43-E1FC09C0393E}.Debug|x64.Build.0 = Debug|x64
		{5619008F-52AE-45E8-AA43-E1FC09C0393E}.Debug|x86.ActiveCfg = Debug|Win32
		{5619008F-52AE-45E8-AA43-E1FC09C0393E}.Debug|x86.Build.0 = Debug|Win32
		{5619008F-52AE-45E8-AA43-E1FC09C0393E}.Release|Any CPU.ActiveCfg = Release|Win32
		{5619008F-52AE-45E8-AA43-E1FC09C0393E}.Release|x64.ActiveCfg = Release|x64
		{5619008F-52AE-45E8-AA43-E1FC09C0393E}.Release|x64.Build.0 = Release|x64
		{5619008F-52AE-45E8-AA43-E1FC09C0393E}.Release|x86.ActiveCfg = Release|Win32
		{5619008F-52AE-45E8-AA43-E1FC09C0393E}.Release|x86.Build.0 = Release|Win32
		{0C9F5C3E-A4E9-4005-8E5D-E7F15DA71424}.Debug|Any CPU.ActiveCfg = Debug|Win32
		{0C9F5C3E-A4E9-4005-8E5D-E7F15DA71424}.Debug|x64.ActiveCfg = Debug|x64
		{0C9F5C3E-A4E9-4005-8E5D-E7F15DA71424}.Debug|x64.Build.0 = Debug|x64
		{0C9F5C3E-A4E9-4005-8E5D-E7F15DA71424}.Debug|x86.ActiveCfg = Debug|Win32
		{0C9F5C3E-A4E9-4005-8E5D-E7F15DA71424}.Debug|x86.Build.0 = Debug|Win32
		{0C9F5C3E-A4E9-4005-8E5D-E7F15DA71424}.Release|Any CPU.ActiveCfg = Release|Win32
		{0C9F5C3E-A4E9-4005-8E5D-E7F15DA71424}.Release|x64.ActiveCfg = Release|x64
		{0C9F5C3E-A4E9-4005-8E5D-E7F15DA71424}.Release|x64.Build.0 = Release|x64
		{0C9F5C3E-A4E9-4005-8E5D-E7F15DA71424}.Release|x86.ActiveCfg = Release|Win32
		{0C9F5C3E-A4E9-4005-8E5D-E7F15DA71424}.Release|x86.Build.0 = Release|Win32
		{DE4D4AF9-6A9B-45FE-8604-579FA2F1E766}.Debug|Any CPU.ActiveCfg = Debug|Win32
		{DE4D4AF9-6A9B-45FE-8604-579FA2F1E766}.Debug|x64.ActiveCfg = Debug|x64
		{DE4D4AF9-6A9B-45FE-8604-579FA2F1E766}.Debug|x64.Build.0 = Debug|x64
		{DE4D4AF9-6A9B-45FE-8604-579FA2F1E766}.Debug|x86.ActiveCfg = Debug|Win32
		{DE4D4AF9-6A9B-45FE-8604-579FA2F1E766}.Debug|x86.Build.0 = Debug|Win32
		{DE4D4AF9-6A9B-45FE-8604-579FA2F1E766}.Release|Any CPU.ActiveCfg = Release|Win32
		{DE4D4AF9-6A9B-45FE-8604-579FA2F1E766}.Release|x64.ActiveCfg = Release|x64
		{DE4D4AF9-6A9B-45FE-8604-579FA2F1E766}.Release|x64.Build.0 = Release|x64
		{DE4D4AF9-6A9B-45FE-8604-579FA2F1E766}.Release|x86.ActiveCfg = Release|Win32
		{DE4D4AF9-6A9B-45FE-8604-579FA2F1E766}.Release|x86.Build.0 = Release|Win32
		{0050C675-1BC8-4085-A535-646D66F0FAF8}.Debug|Any CPU.ActiveCfg = Debug|Win32
		{0050C675-1BC8-4085-A535-646D66F0FAF8}.Debug|x64.ActiveCfg = Debug|x64
		{0050C675-1BC8-4085-A535-646D66F0FAF8}.Debug|x64.Build.0 = Debug|x64
		{0050C675-1BC8-4085-A535-646D66F0FAF8}.Debug|x86.ActiveCfg = Debug|Win32
		{0050C675-1BC8-4085-A535-646D66F0FAF8}.Debug|x86.Build.0 = Debug|Win32
		{0050C675-1BC8-4085-A535-646D66F0FAF8}.Release|Any CPU.ActiveCfg = Release|Win32
		{0050C675-1BC8-4085-A535-646D66F0FAF8}.Release|x64.ActiveCfg = Release|x64
		{0050C675-1BC8-4085-A535-646D66F0FAF8}.Release|x64.Build.0 = Release|x64
		{0050C675-1BC8-4085-A535-646D66F0FAF8}.Release|x86.ActiveCfg = Release|Win32
		{0050C675-1BC8-4085-A535-646D66F0FAF8}.Release|x86.Build.0 = Release|Win32
		{FBC15A09-0C06-48C5-8A4A-BF44CE78BCB9}.Debug|Any CPU.ActiveCfg = Debug|Win32
		{FBC15A09-0C06-48C5-8A4A-BF44CE78BCB9}.Debug|x64.ActiveCfg = Debug|x64
		{FBC15A09-0C06-48C5-8A4A-BF44CE78BCB9}.Debug|x64.Build.0 = Debug|x64
		{FBC15A09-0C06-48C5-8A4A-BF44CE78BCB9}.Debug|x86.ActiveCfg = Debug|Win32
		{FBC15A09-0C06-48C5-8A4A-BF44CE78BCB9}.Debug|x86.Build.0 = Debug|Win32
		{FBC15A09-0C06-48C5-8A4A-BF44CE78BCB9}.Release|Any CPU.ActiveCfg = Release|Win32
		{FBC15A09-0C06-48C5-8A4A-BF44CE78BCB9}.Release|x64.ActiveCfg = Release|x64
		{FBC15A09-0C06-48C5-8A4A-BF44CE78BCB9}.Release|x64.Build.0 = Release|x64
		{FBC15A09-0C06-48C5-8A4A-BF44CE78BCB9}.Release|x86.ActiveCfg = Release|Win32
		{FBC15A09-0C06-48C5-8A4A-BF44CE78BCB9}.Release|x86.Build.0 = Release|Win32
		{AEA374D0-DE0B-4E92-9024-D660168807D1}.Debug|Any CPU.ActiveCfg = Debug|Win32
		{AEA374D0-DE0B-4E92-9024-D660168807D1}.Debug|x64.ActiveCfg = Debug|x64
		{AEA374D0-DE0B-4E92-9024-D660168807D1}.Debug|x64.Build.0 = Debug|x64
		{AEA374D0-DE0B-4E92-9024-D660168807D1}.Debug|x86.ActiveCfg = Debug|Win32
		{AEA374D0-DE0B-4E92-9024-D660168807D1}.Debug|x86.Build.0 = Debug|Win32
		{AEA374D0-DE0B-4E92-9024-D660168807D1}.Release|Any CPU.ActiveCfg = Release|Win32
		{AEA374D0-DE0B-4E92-9024-D660168807D1}.Release|x64.ActiveCfg = Release|x64
		{AEA374D0-DE0B-4E92-9024-D660168807D1}.Release|x64.Build.0 = Release|x64
		{AEA374D0-DE0B-4E92-9024-D660168807D1}.Release|x86.ActiveCfg = Release|Win32
		{AEA374D0-DE0B-4E92-9024-D660168807D1}.Release|x86.Build.0 = Release|Win32
		{1D5D7F40-4B3D-4CF7-8224-2440C041FA3A}.Debug|Any CPU.ActiveCfg = Debug|Win32
		{1D5D7F40-4B3D-4CF7-8224-2440C041FA3A}.Debug|x64.ActiveCfg = Debug|x64
		{1D5D7F40-4B3D-4CF7-8224-2440C041FA3A}.Debug|x64.Build.0 = Debug|x64
		{1D5D7F40-4B3D-4CF7-8224-2440C041FA3A}.Debug|x86.ActiveCfg = Debug|Win32
		{1D5D7F40-4B3D-4CF7-8224-2440C041FA3A}.Debug|x86.Build.0 = Debug|Win32
		{1D5D7F40-4B3D-4CF7-8224-2440C041FA3A}.Release|Any CPU.ActiveCfg = Release|Win32
		{1D5D7F40-4B3D-4CF7-8224-2440C041FA3A}.Release|x64.ActiveCfg = Release|x64
		{1D5D7F40-4B3D-4CF7-8224-2440C041FA3A}.Release|x64.Build.0 = Release|x64
		{1D5D7F40-4B3D-4CF7-8224-2440C041FA3A}.Release|x86.ActiveCfg = Release|Win32
		{1D5D7F40-4B3D-4CF7-8224-2440C041FA3A}.Release|x86.Build.0 = Release|Win32
		{331CB3C2-3BB8-4219-BDA0-8889D54B9235}.Debug|Any CPU.ActiveCfg = Debug|Win32
		{331CB3C2-3BB8-4219-BDA0-8889D54B9235}.Debug|x64.ActiveCfg = Debug|x64
		{331CB3C2-3BB8-4219-BDA0-8889D54B9235}.Debug|x64.Build.0 = Debug|x64
		{331CB3C2-3BB8-4219-BDA0-8889D54B9235}.Debug|x86.ActiveCfg = Debug|Win32
		{331CB3C2-3BB8-4219-BDA0-8889D54B9235}.Debug|x86.Build.0 = Debug|Win32
		{331CB3C2-3BB8-4219-BDA0-8889D54B9235}.Release|Any CPU.ActiveCfg = Release|Win32
		{331CB3C2-3BB8-4219-BDA0-8889D54B9235}.Release|x64.ActiveCfg = Release|x64
		{331CB3C2-3BB8-4219-BDA0-8889D54B9235}.Release|x64.Build.0 = Release|x64
		{331CB3C2-3BB8-4219-BDA0-8889D54B9235}.Release|x86.ActiveCfg = Release|Win32
		{331CB3C2-3BB8-4219-BDA0-8889D54B9235}.Release|x86.Build.0 = Release|Win32
		{64BAA67A-6B12-4F98-B402-7FBDF9F9139D}.Debug|Any CPU.ActiveCfg = Debug|Win32
		{64BAA67A-6B12-4F98-B402-7FBDF9F9139D}.Debug|x64.ActiveCfg = Debug|x64
		{64BAA67A-6B12-4F98-B402-7FBDF9F9139D}.Debug|x64.Build.0 = Debug|x64
		{64BAA67A-6B12-4F98-B402-7FBDF9F9139D}.Debug|x86.ActiveCfg = Debug|Win32
		{64BAA67A-6B12-4F98-B402-7FBDF9F9139D}.Debug|x86.Build.0 = Debug|Win32
		{64BAA67A-6B12-4F98-B402-7FBDF9F9139D}.Release|Any CPU.ActiveCfg = Release|Win32
		{64BAA67A-6B12-4F98-B402-7FBDF9F9139D}.Release|x64.ActiveCfg = Release|x64
		{64BAA67A-6B12-4F98-B402-7FBDF9F9139D}.Release|x64.Build.0 = Release|x64
		{64BAA67A-6B12-4F98-B402-7FBDF9F9139D}.Release|x86.ActiveCfg = Release|Win32
		{64BAA67A-6B12-4F98-B402-7FBDF9F9139D}.Release|x86.Build.0 = Release|Win32
		{9A845FA3-549A-4353-A037-889DB3CAB5F4}.Debug|Any CPU.ActiveCfg = Debug|Win32
		{9A845FA3-549A-4353-A037-889DB3CAB5F4}.Debug|x64.ActiveCfg = Debug|x64
		{9A845FA3-549A-4353-A037-889DB3CAB5F4}.Debug|x64.Build.0 = Debug|x64
		{9A845FA3-549A-4353-A037-889DB3CAB5F4}.Debug|x86.ActiveCfg = Debug|Win32
		{9A845FA3-549A-4353-A037-889DB3CAB5F4}.Debug|x86.Build.0 = Debug|Win32
		{9A845FA3-549A-4353-A037-889DB3CAB5F4}.Release|Any CPU.ActiveCfg = Release|Win32
		{9A845FA3-549A-4353-A037-889DB3CAB5F4}.Release|x64.ActiveCfg = Release|x64
		{9A845FA3-549A-4353-A037-889DB3CAB5F4}.Release|x64.Build.0 = Release|x64
		{9A845FA3-549A-4353-A037-889DB3CAB5F4}.Release|x86.ActiveCfg = Release|Win32
		{9A845FA3-549A-4353-A037-889DB3CAB5F4}.Release|x86.Build.0 = Release|Win32
		{4920486F-1F52-4023-9E4B-B5D36D362ABF}.Debug|Any CPU.ActiveCfg = Debug|Win32
		{4920486F-1F52-4023-9E4B-B5D36D362ABF}.Debug|x64.ActiveCfg = Debug|x64
		{4920486F-1F52-4023-9E4B-B5D36D362ABF}.Debug|x64.Build.0 = Debug|x64
		{4920486F-1F52-4023-9E4B-B5D36D362ABF}.Debug|x86.ActiveCfg = Debug|Win32
		{4920486F-1F52-4023-9E4B-B5D36D362ABF}.Debug|x86.Build.0 = Debug|Win32
		{4920486F-1F52-4023-9E4B-B5D36D362ABF}.Release|Any CPU.ActiveCfg = Release|Win32
		{4920486F-1F52-4023-9E4B-B5D36D362ABF}.Release|x64.ActiveCfg = Release|x64
		{4920486F-1F52-4023-9E4B-B5D36D362ABF}.Release|x64.Build.0 = Release|x64
		{4920486F-1F52-4023-9E4B-B5D36D362ABF}.Release|x86.ActiveCfg = Release|Win32
		{4920486F-1F52-4023-9E4B-B5D36D362ABF}.Release|x86.Build.0 = Release|Win32
		{C4635743-1525-473C-9F22-4413F62CBBB3}.Debug|Any CPU.ActiveCfg = Debug|Win32
		{C4635743-1525-473C-9F22-4413F62CBBB3}.Debug|x64.ActiveCfg = Debug|x64
		{C4635743-1525-473C-9F22-4413F62CBBB3}.Debug|x64.Build.0 = Debug|x64
		{C4635743-1525-473C-9F22-4413F62CBBB3}.Debug|x86.ActiveCfg = Debug|Win32
		{C4635743-1525-473C-9F22-4413F62CBBB3}.Debug|x86.Build.0 = Debug|Win32
		{C4635743-1525-473C-9F22-4413F62CBBB3}.Release|Any CPU.ActiveCfg = Release|Win32
		{C4635743-1525-473C-9F22-4413F62CBBB3}.Release|x64.ActiveCfg = Release|x64
		{C4635743-1525-473C-9F22-4413F62CBBB3}.Release|x64.Build.0 = Release|x64
		{C4635743-1525-473C-9F22-4413F62CBBB3}.Release|x86.ActiveCfg = Release|Win32
		{C4635743-1525-473C-9F22-4413F62CBBB3}.Release|x86.Build.0 = Release|Win32
		{9E7BC67F-8F33-41AD-BF26-6B99ED193C35}.Debug|Any CPU.ActiveCfg = Debug|Win32
		{9E7BC67F-8F33-41AD-BF26-6B99ED193C35}.Debug|x64.ActiveCfg = Debug|x64
		{9E7BC67F-8F33-41AD-BF26-6B99ED193C35}.Debug|x64.Build.0 = Debug|x64
		{9E7BC67F-8F33-41AD-BF26-6B99ED193C35}.Debug|x86.ActiveCfg = Debug|Win32
		{9E7BC67F-8F33-41AD-BF26-6B99ED193C35}.Debug|x86.Build.0 = Debug|Win32
		{9E7BC67F-8F33-41AD-BF26-6B99ED193C35}.Release|Any CPU.ActiveCfg = Release|Win32
		{9E7BC67F-8F33-41AD-BF26-6B99ED193C35}.Release|x64.ActiveCfg = Release|x64
		{9E7BC67F-8F33-41AD-BF26-6B99ED193C35}.Release|x64.Build.0 = Release|x64
		{9E7BC67F-8F33-41AD-BF26-6B99ED193C35}.Release|x86.ActiveCfg = Release|Win32
		{9E7BC67F-8F33-41AD-BF26-6B99ED193C35}.Release|x86.Build.0 = Release|Win32
		{132BF45C-E693-4EF0-AD8E-2229493DCE26}.Debug|Any CPU.ActiveCfg = Debug|Win32
		{132BF45C-E693-4EF0-AD8E-2229493DCE26}.Debug|x64.ActiveCfg = Debug|x64
		{132BF45C-E693-4EF0-AD8E-2229493DCE26}.Debug|x64.Build.0 = Debug|x64
		{132BF45C-E693-4EF0-AD8E-2229493DCE26}.Debug|x86.ActiveCfg = Debug|Win32
		{132BF45C-E693-4EF0-AD8E-2229493DCE26}.Debug|x86.Build.0 = Debug|Win32
		{132BF45C-E693-4EF0-AD8E-2229493DCE26}.Release|Any CPU.ActiveCfg = Release|Win32
		{132BF45C-E693-4EF0-AD8E-2229493DCE26}.Release|x64.ActiveCfg = Release|x64
		{132BF45C-E693-4EF0-AD8E-2229493DCE26}.Release|x64.Build.0 = Release|x64
		{132BF45C-E693-4EF0-AD8E-2229493DCE26}.Release|x86.ActiveCfg = Release|Win32
		{132BF45C-E693-4EF0-AD8E-2229493DCE26}.Release|x86.Build.0 = Release|Win32
		{31538018-FE0A-422F-9279-B1283D92F9DD}.Debug|Any CPU.ActiveCfg = Debug|Win32
		{31538018-FE0A-422F-9279-B1283D92F9DD}.Debug|x64.ActiveCfg = Debug|x64
		{31538018-FE0A-422F-9279-B1283D92F9DD}.Debug|x64.Build.0 = Debug|x64
		{31538018-FE0A-422F-9279-B1283D92F9DD}.Debug|x86.ActiveCfg = Debug|Win32
		{31538018-FE0A-422F-9279-B1283D92F9DD}.Debug|x86.Build.0 = Debug|Win32
		{31538018-FE0A-422F-9279-B1283D92F9DD}.Release|Any CPU.ActiveCfg = Release|Win32
		{31538018-FE0A-422F-9279-B1283D92F9DD}.Release|x64.ActiveCfg = Release|x64
		{31538018-FE0A-422F-9279-B1283D92F9DD}.Release|x64.Build.0 = Release|x64
		{31538018-FE0A-422F-9279-B1283D92F9DD}.Release|x86.ActiveCfg = Release|Win32
		{31538018-FE0A-422F-9279-B1283D92F9DD}.Release|x86.Build.0 = Release|Win32
		{19BF0B7C-60A9-4DA9-B472-A8D68F83D22F}.Debug|Any CPU.ActiveCfg = Debug|Win32
		{19BF0B7C-60A9-4DA9-B472-A8D68F83D22F}.Debug|x64.ActiveCfg = Debug|x64
		{19BF0B7C-60A9-4DA9-B472-A8D68F83D22F}.Debug|x64.Build.0 = Debug|x64
		{19BF0B7C-60A9-4DA9-B472-A8D68F83D22F}.Debug|x86.ActiveCfg = Debug|Win32
		{19BF0B7C-60A9-4DA9-B472-A8D68F83D22F}.Debug|x86.Build.0 = Debug|Win32
		{19BF0B7C-60A9-4DA9-B472-A8D68F83D22F}.Release|Any CPU.ActiveCfg = Release|Win32
		{19BF0B7C-60A9-4DA9-B472-A8D68F83D22F}.Release|x64.ActiveCfg = Release|x64
		{19BF0B7C-60A9-4DA9-B472-A8D68F83D22F}.Release|x64.Build.0 = Release|x64
		{19BF0B7C-60A9-4DA9-B472-A8D68F83D22F}.Release|x86.ActiveCfg = Release|Win32
		{19BF0B7C-60A9-4DA9-B472-A8D68F83D22F}.Release|x86.Build.0 = Release|Win32
		{E251851A-7AB2-4017-8F3F-E9ACC4BA820F}.Debug|Any CPU.ActiveCfg = Debug|Win32
		{E251851A-7AB2-4017-8F3F-E9ACC4BA820F}.Debug|x64.ActiveCfg = Debug|x64
		{E251851A-7AB2-4017-8F3F-E9ACC4BA820F}.Debug|x64.Build.0 = Debug|x64
		{E251851A-7AB2-4017-8F3F-E9ACC4BA820F}.Debug|x86.ActiveCfg = Debug|Win32
		{E251851A-7AB2-4017-8F3F-E9ACC4BA820F}.Debug|x86.Build.0 = Debug|Win32
		{E251851A-7AB2-4017-8F3F-E9ACC4BA820F}.Release|Any CPU.ActiveCfg = Release|Win32
		{E251851A-7AB2-4017-8F3F-E9ACC4BA820F}.Release|x64.ActiveCfg = Release|x64
		{E251851A-7AB2-4017-8F3F-E9ACC4BA820F}.Release|x64.Build.0 = Release|x64
		{E251851A-7AB2-4017-8F3F-E9ACC4BA820F}.Release|x86.ActiveCfg = Release|Win32
		{E251851A-7AB2-4017-8F3F-E9ACC4BA820F}.Release|x86.Build.0 = Release|Win32
		{AD54E025-44CF-490F-AC05-889D30270236}.Debug|Any CPU.ActiveCfg = Debug|Win32
		{AD54E025-44CF-490F-AC05-889D30270236}.Debug|x64.ActiveCfg = Debug|x64
		{AD54E025-44CF-490F-AC05-889D30270236}.Debug|x64.Build.0 = Debug|x64
		{AD54E025-44CF-490F-AC05-889D30270236}.Debug|x86.ActiveCfg = Debug|Win32
		{AD54E025-44CF-490F-AC05-889D30270236}.Debug|x86.Build.0 = Debug|Win32
		{AD54E025-44CF-490F-AC05-889D30270236}.Release|Any CPU.ActiveCfg = Release|Win32
		{AD54E025-44CF-490F-AC05-889D30270236}.Release|x64.ActiveCfg = Release|x64
		{AD54E025-44CF-490F-AC05-889D30270236}.Release|x64.Build.0 = Release|x64
		{AD54E025-44CF-490F-AC05-889D30270236}.Release|x86.ActiveCfg = Release|Win32
		{AD54E025-44CF-490F-AC05-889D30270236}.Release|x86.Build.0 = Release|Win32
		{CEB59BFE-A5BB-4F32-9D08-262EF8F7635C}.Debug|Any CPU.ActiveCfg = Debug|Win32
		{CEB59BFE-A5BB-4F32-9D08-262EF8F7635C}.Debug|x64.ActiveCfg = Debug|x64
		{CEB59BFE-A5BB-4F32-9D08-262EF8F7635C}.Debug|x64.Build.0 = Debug|x64
		{CEB59BFE-A5BB-4F32-9D08-262EF8F7635C}.Debug|x86.ActiveCfg = Debug|Win32
		{CEB59BFE-A5BB-4F32-9D08-262EF8F7635C}.Debug|x86.Build.0 = Debug|Win32
		{CEB59BFE-A5BB-4F32-9D08-262EF8F7635C}.Release|Any CPU.ActiveCfg = Release|Win32
		{CEB59BFE-A5BB-4F32-9D08-262EF8F7635C}.Release|x64.ActiveCfg = Release|x64
		{CEB59BFE-A5BB-4F32-9D08-262EF8F7635C}.Release|x64.Build.0 = Release|x64
		{CEB59BFE-A5BB-4F32-9D08-262EF8F7635C}.Release|x86.ActiveCfg = Release|Win32
		{CEB59BFE-A5BB-4F32-9D08-262EF8F7635C}.Release|x86.Build.0 = Release|Win32
		{91396CB3-2199-4769-A48D-19A8E95EB9B4}.Debug|Any CPU.ActiveCfg = Debug|Win32
		{91396CB3-2199-4769-A48D-19A8E95EB9B4}.Debug|x64.ActiveCfg = Debug|x64
		{91396CB3-2199-4769-A48D-19A8E95EB9B4}.Debug|x64.Build.0 = Debug|x64
		{91396CB3-2199-4769-A48D-19A8E95EB9B4}.Debug|x86.ActiveCfg = Debug|Win32
		{91396CB3-2199-4769-A48D-19A8E95EB9B4}.Debug|x86.Build.0 = Debug|Win32
		{91396CB3-2199-4769-A48D-19A8E95EB9B4}.Release|Any CPU.ActiveCfg = Release|Win32
		{91396CB3-2199-4769-A48D-19A8E95EB9B4}.Release|x64.ActiveCfg = Release|x64
		{91396CB3-2199-4769-A48D-19A8E95EB9B4}.Release|x64.Build.0 = Release|x64
		{91396CB3-2199-4769-A48D-19A8E95EB9B4}.Release|x86.ActiveCfg = Release|Win32
		{91396CB3-2199-4769-A48D-19A8E95EB9B4}.Release|x86.Build.0 = Release|Win32
		{388AED38-5E7B-4FE1-9A3A-9A17A86C6CA1}.Debug|Any CPU.ActiveCfg = Debug|Win32
		{388AED38-5E7B-4FE1-9A3A-9A17A86C6CA1}.Debug|x64.ActiveCfg = Debug|x64
		{388AED38-5E7B-4FE1-9A3A-9A17A86C6CA1}.Debug|x64.Build.0 = Debug|x64
		{388AED38-5E7B-4FE1-9A3A-9A17A86C6CA1}.Debug|x86.ActiveCfg = Debug|Win32
		{388AED38-5E7B-4FE1-9A3A-9A17A86C6CA1}.Debug|x86.Build.0 = Debug|Win32
		{388AED38-5E7B-4FE1-9A3A-9A17A86C6CA1}.Release|Any CPU.ActiveCfg = Release|Win32
		{388AED38-5E7B-4FE1-9A3A-9A17A86C6CA1}.Release|x64.ActiveCfg = Release|x64
		{388AED38-5E7B-4FE1-9A3A-9A17A86C6CA1}.Release|x64.Build.0 = Release|x64
		{388AED38-5E7B-4FE1-9A3A-9A17A86C6CA1}.Release|x86.ActiveCfg = Release|Win32
		{388AED38-5E7B-4FE1-9A3A-9A17A86C6CA1}.Release|x86.Build.0 = Release|Win32
		{2BAFE442-A1E4-42E0-8611-37426E28464B}.Debug|Any CPU.ActiveCfg = Debug|Win32
		{2BAFE442-A1E4-42E0-8611-37426E28464B}.Debug|x64.ActiveCfg = Debug|x64
		{2BAFE442-A1E4-42E0-8611-37426E28464B}.Debug|x64.Build.0 = Debug|x64
		{2BAFE442-A1E4-42E0-8611-37426E28464B}.Debug|x86.ActiveCfg = Debug|Win32
		{2BAFE442-A1E4-42E0-8611-37426E28464B}.Debug|x86.Build.0 = Debug|Win32
		{2BAFE442-A1E4-42E0-8611-37426E28464B}.Release|Any CPU.ActiveCfg = Release|Win32
		{2BAFE442-A1E4-42E0-8611-37426E28464B}.Release|x64.ActiveCfg = Release|x64
		{2BAFE442-A1E4-42E0-8611-37426E28464B}.Release|x64.Build.0 = Release|x64
		{2BAFE442-A1E4-42E0-8611-37426E28464B}.Release|x86.ActiveCfg = Release|Win32
		{2BAFE442-A1E4-42E0-8611-37426E28464B}.Release|x86.Build.0 = Release|Win32
		{2EA20B41-B9E4-41F3-88C3-DD7E64789654}.Debug|Any CPU.ActiveCfg = Debug|Win32
		{2EA20B41-B9E4-41F3-88C3-DD7E64789654}.Debug|x64.ActiveCfg = Debug|x64
		{2EA20B41-B9E4-41F3-88C3-DD7E64789654}.Debug|x64.Build.0 = Debug|x64
		{2EA20B41-B9E4-41F3-88C3-DD7E64789654}.Debug|x86.ActiveCfg = Debug|Win32
		{2EA20B41-B9E4-41F3-88C3-DD7E64789654}.Debug|x86.Build.0 = Debug|Win32
		{2EA20B41-B9E4-41F3-88C3-DD7E64789654}.Release|Any CPU.ActiveCfg = Release|Win32
		{2EA20B41-B9E4-41F3-88C3-DD7E64789654}.Release|x64.ActiveCfg = Release|x64
		{2EA20B41-B9E4-41F3-88C3-DD7E64789654}.Release|x64.Build.0 = Release|x64
		{2EA20B41-B9E4-41F3-88C3-DD7E64789654}.Release|x86.ActiveCfg = Release|Win32
		{2EA20B41-B9E4-41F3-88C3-DD7E64789654}.Release|x86.Build.0 = Release|Win32
	EndGlobalSection
	GlobalSection(SolutionProperties) = preSolution
		HideSolutionNode = FALSE
	EndGlobalSection
	GlobalSection(NestedProjects) = preSolution
		{CC8CAA50-A868-477D-8DC8-1859937523AF} = {27BA85E8-7AE0-4326-B7BC-9A6BE3A58201}
		{F6E8F746-3984-48FF-848C-37941F22831D} = {DF27443E-72F0-4775-91D8-BCF23AAA0135}
		{0C77D162-B86E-4809-B453-A9086655F372} = {4CED630B-E89E-43FC-BD54-C4424D37D065}
		{4051F5DB-C5FD-4126-9045-0D6C84DDAB20} = {4CED630B-E89E-43FC-BD54-C4424D37D065}
		{355CA79F-674C-438E-ABCF-CBDD3711C8F9} = {4CED630B-E89E-43FC-BD54-C4424D37D065}
		{4CE26FEB-74E4-41AB-BE56-82C9D713A4E6} = {05BA9BAF-D97A-4179-94C8-FA25BDC4A520}
		{BE34B28A-7514-4019-9859-32ECAD3D8D85} = {05BA9BAF-D97A-4179-94C8-FA25BDC4A520}
		{D2AB0481-A4F1-4FB8-8D6C-245FAAA56A72} = {05BA9BAF-D97A-4179-94C8-FA25BDC4A520}
		{71667551-DC89-4E91-B409-EC47AE10CC12} = {05BA9BAF-D97A-4179-94C8-FA25BDC4A520}
		{642318DF-6A3D-462F-ADA1-4A3B66C2F6A5} = {D63664E7-390F-4C47-B4E8-40D43D9EDCDA}
		{46587AA0-4AF3-43E6-BE3F-79E06CEAAA95} = {282787FE-8710-435E-8782-9D639EEA6A4E}
		{5619008F-52AE-45E8-AA43-E1FC09C0393E} = {282787FE-8710-435E-8782-9D639EEA6A4E}
		{0C9F5C3E-A4E9-4005-8E5D-E7F15DA71424} = {282787FE-8710-435E-8782-9D639EEA6A4E}
		{DE4D4AF9-6A9B-45FE-8604-579FA2F1E766} = {282787FE-8710-435E-8782-9D639EEA6A4E}
		{0050C675-1BC8-4085-A535-646D66F0FAF8} = {282787FE-8710-435E-8782-9D639EEA6A4E}
		{FBC15A09-0C06-48C5-8A4A-BF44CE78BCB9} = {282787FE-8710-435E-8782-9D639EEA6A4E}
		{AEA374D0-DE0B-4E92-9024-D660168807D1} = {282787FE-8710-435E-8782-9D639EEA6A4E}
		{1D5D7F40-4B3D-4CF7-8224-2440C041FA3A} = {4CED630B-E89E-43FC-BD54-C4424D37D065}
		{331CB3C2-3BB8-4219-BDA0-8889D54B9235} = {4CED630B-E89E-43FC-BD54-C4424D37D065}
		{64BAA67A-6B12-4F98-B402-7FBDF9F9139D} = {D63664E7-390F-4C47-B4E8-40D43D9EDCDA}
		{9A845FA3-549A-4353-A037-889DB3CAB5F4} = {FC8BFFBD-BED1-4C41-8256-A17A96644115}
		{4920486F-1F52-4023-9E4B-B5D36D362ABF} = {FC8BFFBD-BED1-4C41-8256-A17A96644115}
		{C4635743-1525-473C-9F22-4413F62CBBB3} = {FC8BFFBD-BED1-4C41-8256-A17A96644115}
		{9E7BC67F-8F33-41AD-BF26-6B99ED193C35} = {FC8BFFBD-BED1-4C41-8256-A17A96644115}
		{132BF45C-E693-4EF0-AD8E-2229493DCE26} = {FC8BFFBD-BED1-4C41-8256-A17A96644115}
		{31538018-FE0A-422F-9279-B1283D92F9DD} = {FC8BFFBD-BED1-4C41-8256-A17A96644115}
		{19BF0B7C-60A9-4DA9-B472-A8D68F83D22F} = {FC8BFFBD-BED1-4C41-8256-A17A96644115}
		{E251851A-7AB2-4017-8F3F-E9ACC4BA820F} = {DACF31E6-20BD-4690-8435-FFFD17C02370}
		{AD54E025-44CF-490F-AC05-889D30270236} = {DACF31E6-20BD-4690-8435-FFFD17C02370}
		{CEB59BFE-A5BB-4F32-9D08-262EF8F7635C} = {DACF31E6-20BD-4690-8435-FFFD17C02370}
		{91396CB3-2199-4769-A48D-19A8E95EB9B4} = {DACF31E6-20BD-4690-8435-FFFD17C02370}
		{388AED38-5E7B-4FE1-9A3A-9A17A86C6CA1} = {DACF31E6-20BD-4690-8435-FFFD17C02370}
		{2BAFE442-A1E4-42E0-8611-37426E28464B} = {DACF31E6-20BD-4690-8435-FFFD17C02370}
		{2EA20B41-B9E4-41F3-88C3-DD7E64789654} = {DACF31E6-20BD-4690-8435-FFFD17C02370}
	EndGlobalSection
	GlobalSection(ExtensibilityGlobals) = postSolution
		SolutionGuid = {2B96AFF9-42C1-4F16-9C48-0535971536D8}
	EndGlobalSection
EndGlobal
